// !$*UTF8*$!
{
	archiveVersion = 1;
	classes = {
	};
	objectVersion = 55;
	objects = {

/* Begin PBXBuildFile section */
		3A1CF70027AFE2850057E1BD /* FavoriteButton.swift in Sources */ = {isa = PBXBuildFile; fileRef = 3A1CF6FF27AFE2850057E1BD /* FavoriteButton.swift */; };
		3A1CF70427AFE5E30057E1BD /* HexagonParameters.swift in Sources */ = {isa = PBXBuildFile; fileRef = 3A1CF70327AFE5E30057E1BD /* HexagonParameters.swift */; };
		3A1CF70627AFE7270057E1BD /* BadgeBackground.swift in Sources */ = {isa = PBXBuildFile; fileRef = 3A1CF70527AFE7270057E1BD /* BadgeBackground.swift */; };
		3A1CF70827AFEA800057E1BD /* BadgeSymbol.swift in Sources */ = {isa = PBXBuildFile; fileRef = 3A1CF70727AFEA800057E1BD /* BadgeSymbol.swift */; };
		3A1CF70A27AFEB4B0057E1BD /* RotatedBadgeSymbol.swift in Sources */ = {isa = PBXBuildFile; fileRef = 3A1CF70927AFEB4B0057E1BD /* RotatedBadgeSymbol.swift */; };
		3A1CF70C27AFEBBB0057E1BD /* Badge.swift in Sources */ = {isa = PBXBuildFile; fileRef = 3A1CF70B27AFEBBB0057E1BD /* Badge.swift */; };
		3A1CF70F27AFF4090057E1BD /* hikeData.json in Resources */ = {isa = PBXBuildFile; fileRef = 3A1CF70E27AFF4090057E1BD /* hikeData.json */; };
		3A1CF71127AFF4360057E1BD /* Hike.swift in Sources */ = {isa = PBXBuildFile; fileRef = 3A1CF71027AFF4360057E1BD /* Hike.swift */; };
		3A1CF71727AFF5320057E1BD /* GraphCapsule.swift in Sources */ = {isa = PBXBuildFile; fileRef = 3A1CF71327AFF5320057E1BD /* GraphCapsule.swift */; };
		3A1CF71827AFF5320057E1BD /* HikeGraph.swift in Sources */ = {isa = PBXBuildFile; fileRef = 3A1CF71427AFF5320057E1BD /* HikeGraph.swift */; };
		3A1CF71927AFF5320057E1BD /* HikeDetail.swift in Sources */ = {isa = PBXBuildFile; fileRef = 3A1CF71527AFF5320057E1BD /* HikeDetail.swift */; };
		3A1CF71A27AFF5320057E1BD /* HikeView.swift in Sources */ = {isa = PBXBuildFile; fileRef = 3A1CF71627AFF5320057E1BD /* HikeView.swift */; };
		3A267E5627B1D186000D4A28 /* CategoryRow.swift in Sources */ = {isa = PBXBuildFile; fileRef = 3A267E5527B1D186000D4A28 /* CategoryRow.swift */; };
		3A33F7FF27B19166008D8F2E /* CategoryHome.swift in Sources */ = {isa = PBXBuildFile; fileRef = 3A33F7FE27B19166008D8F2E /* CategoryHome.swift */; };
		3A34C41B27AF306F000DB6C2 /* LandmarksApp.swift in Sources */ = {isa = PBXBuildFile; fileRef = 3A34C41A27AF306F000DB6C2 /* LandmarksApp.swift */; };
		3A34C41D27AF306F000DB6C2 /* ContentView.swift in Sources */ = {isa = PBXBuildFile; fileRef = 3A34C41C27AF306F000DB6C2 /* ContentView.swift */; };
		3A34C41F27AF3070000DB6C2 /* Assets.xcassets in Resources */ = {isa = PBXBuildFile; fileRef = 3A34C41E27AF3070000DB6C2 /* Assets.xcassets */; };
		3A34C42227AF3071000DB6C2 /* Preview Assets.xcassets in Resources */ = {isa = PBXBuildFile; fileRef = 3A34C42127AF3071000DB6C2 /* Preview Assets.xcassets */; };
		3A34C42927AF332F000DB6C2 /* CircleImage.swift in Sources */ = {isa = PBXBuildFile; fileRef = 3A34C42827AF332F000DB6C2 /* CircleImage.swift */; };
		3A34C42C27AF3429000DB6C2 /* MapView.swift in Sources */ = {isa = PBXBuildFile; fileRef = 3A34C42B27AF3429000DB6C2 /* MapView.swift */; };
		3A34C42E27AF3AC9000DB6C2 /* landmarkData.json in Resources */ = {isa = PBXBuildFile; fileRef = 3A34C42D27AF3AC8000DB6C2 /* landmarkData.json */; };
		3A34C43027AF3AE9000DB6C2 /* Landmark.swift in Sources */ = {isa = PBXBuildFile; fileRef = 3A34C42F27AF3AE9000DB6C2 /* Landmark.swift */; };
		3A34C43227AF3CA5000DB6C2 /* ModelData.swift in Sources */ = {isa = PBXBuildFile; fileRef = 3A34C43127AF3CA5000DB6C2 /* ModelData.swift */; };
		3A34C43927AF3E4F000DB6C2 /* LandmarkRow.swift in Sources */ = {isa = PBXBuildFile; fileRef = 3A34C43827AF3E4F000DB6C2 /* LandmarkRow.swift */; };
		3A365EB927B1D2E8006F5186 /* CategoryItem.swift in Sources */ = {isa = PBXBuildFile; fileRef = 3A365EB827B1D2E7006F5186 /* CategoryItem.swift */; };
		3A468DF427AF42A2007929C7 /* LandmarkList.swift in Sources */ = {isa = PBXBuildFile; fileRef = 3A468DF327AF42A2007929C7 /* LandmarkList.swift */; };
		3A468DF627AF43A4007929C7 /* LandmarkDetail.swift in Sources */ = {isa = PBXBuildFile; fileRef = 3A468DF527AF43A4007929C7 /* LandmarkDetail.swift */; };
/* End PBXBuildFile section */

/* Begin PBXFileReference section */
		3A1CF6FF27AFE2850057E1BD /* FavoriteButton.swift */ = {isa = PBXFileReference; lastKnownFileType = sourcecode.swift; path = FavoriteButton.swift; sourceTree = "<group>"; };
		3A1CF70327AFE5E30057E1BD /* HexagonParameters.swift */ = {isa = PBXFileReference; lastKnownFileType = sourcecode.swift; path = HexagonParameters.swift; sourceTree = "<group>"; };
		3A1CF70527AFE7270057E1BD /* BadgeBackground.swift */ = {isa = PBXFileReference; lastKnownFileType = sourcecode.swift; path = BadgeBackground.swift; sourceTree = "<group>"; };
		3A1CF70727AFEA800057E1BD /* BadgeSymbol.swift */ = {isa = PBXFileReference; lastKnownFileType = sourcecode.swift; path = BadgeSymbol.swift; sourceTree = "<group>"; };
		3A1CF70927AFEB4B0057E1BD /* RotatedBadgeSymbol.swift */ = {isa = PBXFileReference; lastKnownFileType = sourcecode.swift; path = RotatedBadgeSymbol.swift; sourceTree = "<group>"; };
		3A1CF70B27AFEBBB0057E1BD /* Badge.swift */ = {isa = PBXFileReference; lastKnownFileType = sourcecode.swift; path = Badge.swift; sourceTree = "<group>"; };
		3A1CF70E27AFF4090057E1BD /* hikeData.json */ = {isa = PBXFileReference; fileEncoding = 4; lastKnownFileType = text.json; path = hikeData.json; sourceTree = "<group>"; };
		3A1CF71027AFF4360057E1BD /* Hike.swift */ = {isa = PBXFileReference; lastKnownFileType = sourcecode.swift; path = Hike.swift; sourceTree = "<group>"; };
		3A1CF71327AFF5320057E1BD /* GraphCapsule.swift */ = {isa = PBXFileReference; fileEncoding = 4; lastKnownFileType = sourcecode.swift; path = GraphCapsule.swift; sourceTree = "<group>"; };
		3A1CF71427AFF5320057E1BD /* HikeGraph.swift */ = {isa = PBXFileReference; fileEncoding = 4; lastKnownFileType = sourcecode.swift; path = HikeGraph.swift; sourceTree = "<group>"; };
		3A1CF71527AFF5320057E1BD /* HikeDetail.swift */ = {isa = PBXFileReference; fileEncoding = 4; lastKnownFileType = sourcecode.swift; path = HikeDetail.swift; sourceTree = "<group>"; };
		3A1CF71627AFF5320057E1BD /* HikeView.swift */ = {isa = PBXFileReference; fileEncoding = 4; lastKnownFileType = sourcecode.swift; path = HikeView.swift; sourceTree = "<group>"; };
		3A267E5527B1D186000D4A28 /* CategoryRow.swift */ = {isa = PBXFileReference; lastKnownFileType = sourcecode.swift; path = CategoryRow.swift; sourceTree = "<group>"; };
		3A33F7FE27B19166008D8F2E /* CategoryHome.swift */ = {isa = PBXFileReference; lastKnownFileType = sourcecode.swift; path = CategoryHome.swift; sourceTree = "<group>"; };
		3A34C41727AF306F000DB6C2 /* Landmarks.app */ = {isa = PBXFileReference; explicitFileType = wrapper.application; includeInIndex = 0; path = Landmarks.app; sourceTree = BUILT_PRODUCTS_DIR; };
		3A34C41A27AF306F000DB6C2 /* LandmarksApp.swift */ = {isa = PBXFileReference; lastKnownFileType = sourcecode.swift; path = LandmarksApp.swift; sourceTree = "<group>"; };
		3A34C41C27AF306F000DB6C2 /* ContentView.swift */ = {isa = PBXFileReference; lastKnownFileType = sourcecode.swift; path = ContentView.swift; sourceTree = "<group>"; };
		3A34C41E27AF3070000DB6C2 /* Assets.xcassets */ = {isa = PBXFileReference; lastKnownFileType = folder.assetcatalog; path = Assets.xcassets; sourceTree = "<group>"; };
		3A34C42127AF3071000DB6C2 /* Preview Assets.xcassets */ = {isa = PBXFileReference; lastKnownFileType = folder.assetcatalog; path = "Preview Assets.xcassets"; sourceTree = "<group>"; };
		3A34C42827AF332F000DB6C2 /* CircleImage.swift */ = {isa = PBXFileReference; lastKnownFileType = sourcecode.swift; path = CircleImage.swift; sourceTree = "<group>"; };
		3A34C42B27AF3429000DB6C2 /* MapView.swift */ = {isa = PBXFileReference; lastKnownFileType = sourcecode.swift; path = MapView.swift; sourceTree = "<group>"; };
		3A34C42D27AF3AC8000DB6C2 /* landmarkData.json */ = {isa = PBXFileReference; fileEncoding = 4; lastKnownFileType = text.json; path = landmarkData.json; sourceTree = "<group>"; };
		3A34C42F27AF3AE9000DB6C2 /* Landmark.swift */ = {isa = PBXFileReference; lastKnownFileType = sourcecode.swift; path = Landmark.swift; sourceTree = "<group>"; };
		3A34C43127AF3CA5000DB6C2 /* ModelData.swift */ = {isa = PBXFileReference; lastKnownFileType = sourcecode.swift; path = ModelData.swift; sourceTree = "<group>"; };
		3A34C43827AF3E4F000DB6C2 /* LandmarkRow.swift */ = {isa = PBXFileReference; lastKnownFileType = sourcecode.swift; path = LandmarkRow.swift; sourceTree = "<group>"; };
		3A365EB827B1D2E7006F5186 /* CategoryItem.swift */ = {isa = PBXFileReference; lastKnownFileType = sourcecode.swift; path = CategoryItem.swift; sourceTree = "<group>"; };
		3A468DF327AF42A2007929C7 /* LandmarkList.swift */ = {isa = PBXFileReference; lastKnownFileType = sourcecode.swift; path = LandmarkList.swift; sourceTree = "<group>"; };
		3A468DF527AF43A4007929C7 /* LandmarkDetail.swift */ = {isa = PBXFileReference; lastKnownFileType = sourcecode.swift; path = LandmarkDetail.swift; sourceTree = "<group>"; };
/* End PBXFileReference section */

/* Begin PBXFrameworksBuildPhase section */
		3A34C41427AF306F000DB6C2 /* Frameworks */ = {
			isa = PBXFrameworksBuildPhase;
			buildActionMask = 2147483647;
			files = (
			);
			runOnlyForDeploymentPostprocessing = 0;
		};
/* End PBXFrameworksBuildPhase section */

/* Begin PBXGroup section */
		3A1CF70127AFE3150057E1BD /* Landmarks */ = {
			isa = PBXGroup;
			children = (
				3A468DF327AF42A2007929C7 /* LandmarkList.swift */,
				3A34C43827AF3E4F000DB6C2 /* LandmarkRow.swift */,
				3A468DF527AF43A4007929C7 /* LandmarkDetail.swift */,
			);
			path = Landmarks;
			sourceTree = "<group>";
		};
		3A1CF70227AFE31B0057E1BD /* Helpers */ = {
			isa = PBXGroup;
			children = (
				3A34C42827AF332F000DB6C2 /* CircleImage.swift */,
				3A34C42B27AF3429000DB6C2 /* MapView.swift */,
				3A1CF6FF27AFE2850057E1BD /* FavoriteButton.swift */,
			);
			path = Helpers;
			sourceTree = "<group>";
		};
		3A1CF70D27AFECEC0057E1BD /* Badges */ = {
			isa = PBXGroup;
			children = (
				3A1CF70B27AFEBBB0057E1BD /* Badge.swift */,
				3A1CF70527AFE7270057E1BD /* BadgeBackground.swift */,
				3A1CF70727AFEA800057E1BD /* BadgeSymbol.swift */,
				3A1CF70927AFEB4B0057E1BD /* RotatedBadgeSymbol.swift */,
				3A1CF70327AFE5E30057E1BD /* HexagonParameters.swift */,
			);
			path = Badges;
			sourceTree = "<group>";
		};
		3A1CF71227AFF5320057E1BD /* Hikes */ = {
			isa = PBXGroup;
			children = (
				3A1CF71627AFF5320057E1BD /* HikeView.swift */,
				3A1CF71527AFF5320057E1BD /* HikeDetail.swift */,
				3A1CF71427AFF5320057E1BD /* HikeGraph.swift */,
				3A1CF71327AFF5320057E1BD /* GraphCapsule.swift */,
			);
			path = Hikes;
			sourceTree = "<group>";
		};
		3A34C40E27AF306F000DB6C2 = {
			isa = PBXGroup;
			children = (
				3A34C41927AF306F000DB6C2 /* Landmarks */,
				3A34C41827AF306F000DB6C2 /* Products */,
			);
			sourceTree = "<group>";
		};
		3A34C41827AF306F000DB6C2 /* Products */ = {
			isa = PBXGroup;
			children = (
				3A34C41727AF306F000DB6C2 /* Landmarks.app */,
			);
			name = Products;
			sourceTree = "<group>";
		};
		3A34C41927AF306F000DB6C2 /* Landmarks */ = {
			isa = PBXGroup;
			children = (
				3A34C41A27AF306F000DB6C2 /* LandmarksApp.swift */,
				3A34C43327AF3DAB000DB6C2 /* Views */,
				3A34C43427AF3DB0000DB6C2 /* Model */,
				3A34C43527AF3DBA000DB6C2 /* Resources */,
				3A34C41E27AF3070000DB6C2 /* Assets.xcassets */,
				3A34C42027AF3071000DB6C2 /* Preview Content */,
			);
			path = Landmarks;
			sourceTree = "<group>";
		};
		3A34C42027AF3071000DB6C2 /* Preview Content */ = {
			isa = PBXGroup;
			children = (
				3A34C42127AF3071000DB6C2 /* Preview Assets.xcassets */,
			);
			path = "Preview Content";
			sourceTree = "<group>";
		};
		3A34C43327AF3DAB000DB6C2 /* Views */ = {
			isa = PBXGroup;
			children = (
				3A34C41C27AF306F000DB6C2 /* ContentView.swift */,
				3A365EBA27B1DA0D006F5186 /* Categories */,
				3A1CF70127AFE3150057E1BD /* Landmarks */,
				3A1CF70D27AFECEC0057E1BD /* Badges */,
				3A1CF71227AFF5320057E1BD /* Hikes */,
				3A1CF70227AFE31B0057E1BD /* Helpers */,
			);
			path = Views;
			sourceTree = "<group>";
		};
		3A34C43427AF3DB0000DB6C2 /* Model */ = {
			isa = PBXGroup;
			children = (
				3A34C43127AF3CA5000DB6C2 /* ModelData.swift */,
				3A34C42F27AF3AE9000DB6C2 /* Landmark.swift */,
				3A1CF71027AFF4360057E1BD /* Hike.swift */,
			);
			path = Model;
			sourceTree = "<group>";
		};
		3A34C43527AF3DBA000DB6C2 /* Resources */ = {
			isa = PBXGroup;
			children = (
				3A34C42D27AF3AC8000DB6C2 /* landmarkData.json */,
				3A1CF70E27AFF4090057E1BD /* hikeData.json */,
			);
			path = Resources;
			sourceTree = "<group>";
		};
		3A365EBA27B1DA0D006F5186 /* Categories */ = {
			isa = PBXGroup;
			children = (
				3A33F7FE27B19166008D8F2E /* CategoryHome.swift */,
				3A267E5527B1D186000D4A28 /* CategoryRow.swift */,
				3A365EB827B1D2E7006F5186 /* CategoryItem.swift */,
			);
			path = Categories;
			sourceTree = "<group>";
		};
/* End PBXGroup section */

/* Begin PBXNativeTarget section */
		3A34C41627AF306F000DB6C2 /* Landmarks */ = {
			isa = PBXNativeTarget;
			buildConfigurationList = 3A34C42527AF3071000DB6C2 /* Build configuration list for PBXNativeTarget "Landmarks" */;
			buildPhases = (
				3A34C41327AF306F000DB6C2 /* Sources */,
				3A34C41427AF306F000DB6C2 /* Frameworks */,
				3A34C41527AF306F000DB6C2 /* Resources */,
			);
			buildRules = (
			);
			dependencies = (
			);
			name = Landmarks;
			productName = Landmarks;
			productReference = 3A34C41727AF306F000DB6C2 /* Landmarks.app */;
			productType = "com.apple.product-type.application";
		};
/* End PBXNativeTarget section */

/* Begin PBXProject section */
		3A34C40F27AF306F000DB6C2 /* Project object */ = {
			isa = PBXProject;
			attributes = {
				BuildIndependentTargetsInParallel = 1;
				LastSwiftUpdateCheck = 1320;
				LastUpgradeCheck = 1320;
				TargetAttributes = {
					3A34C41627AF306F000DB6C2 = {
						CreatedOnToolsVersion = 13.2.1;
					};
				};
			};
			buildConfigurationList = 3A34C41227AF306F000DB6C2 /* Build configuration list for PBXProject "Landmarks" */;
			compatibilityVersion = "Xcode 13.0";
			developmentRegion = en;
			hasScannedForEncodings = 0;
			knownRegions = (
				en,
				Base,
			);
			mainGroup = 3A34C40E27AF306F000DB6C2;
			productRefGroup = 3A34C41827AF306F000DB6C2 /* Products */;
			projectDirPath = "";
			projectRoot = "";
			targets = (
				3A34C41627AF306F000DB6C2 /* Landmarks */,
			);
		};
/* End PBXProject section */

/* Begin PBXResourcesBuildPhase section */
		3A34C41527AF306F000DB6C2 /* Resources */ = {
			isa = PBXResourcesBuildPhase;
			buildActionMask = 2147483647;
			files = (
				3A1CF70F27AFF4090057E1BD /* hikeData.json in Resources */,
				3A34C42227AF3071000DB6C2 /* Preview Assets.xcassets in Resources */,
				3A34C41F27AF3070000DB6C2 /* Assets.xcassets in Resources */,
				3A34C42E27AF3AC9000DB6C2 /* landmarkData.json in Resources */,
			);
			runOnlyForDeploymentPostprocessing = 0;
		};
/* End PBXResourcesBuildPhase section */

/* Begin PBXSourcesBuildPhase section */
		3A34C41327AF306F000DB6C2 /* Sources */ = {
			isa = PBXSourcesBuildPhase;
			buildActionMask = 2147483647;
			files = (
				3A267E5627B1D186000D4A28 /* CategoryRow.swift in Sources */,
				3A34C41D27AF306F000DB6C2 /* ContentView.swift in Sources */,
				3A1CF71827AFF5320057E1BD /* HikeGraph.swift in Sources */,
				3A1CF70C27AFEBBB0057E1BD /* Badge.swift in Sources */,
				3A34C42C27AF3429000DB6C2 /* MapView.swift in Sources */,
				3A1CF71727AFF5320057E1BD /* GraphCapsule.swift in Sources */,
				3A34C41B27AF306F000DB6C2 /* LandmarksApp.swift in Sources */,
				3A1CF70027AFE2850057E1BD /* FavoriteButton.swift in Sources */,
				3A1CF71927AFF5320057E1BD /* HikeDetail.swift in Sources */,
				3A365EB927B1D2E8006F5186 /* CategoryItem.swift in Sources */,
				3A33F7FF27B19166008D8F2E /* CategoryHome.swift in Sources */,
				3A1CF70427AFE5E30057E1BD /* HexagonParameters.swift in Sources */,
				3A1CF71127AFF4360057E1BD /* Hike.swift in Sources */,
				3A1CF70A27AFEB4B0057E1BD /* RotatedBadgeSymbol.swift in Sources */,
				3A1CF70827AFEA800057E1BD /* BadgeSymbol.swift in Sources */,
				3A468DF427AF42A2007929C7 /* LandmarkList.swift in Sources */,
				3A1CF71A27AFF5320057E1BD /* HikeView.swift in Sources */,
				3A468DF627AF43A4007929C7 /* LandmarkDetail.swift in Sources */,
				3A1CF70627AFE7270057E1BD /* BadgeBackground.swift in Sources */,
				3A34C42927AF332F000DB6C2 /* CircleImage.swift in Sources */,
				3A34C43027AF3AE9000DB6C2 /* Landmark.swift in Sources */,
				3A34C43927AF3E4F000DB6C2 /* LandmarkRow.swift in Sources */,
				3A34C43227AF3CA5000DB6C2 /* ModelData.swift in Sources */,
			);
			runOnlyForDeploymentPostprocessing = 0;
		};
/* End PBXSourcesBuildPhase section */

/* Begin XCBuildConfiguration section */
		3A34C42327AF3071000DB6C2 /* Debug */ = {
			isa = XCBuildConfiguration;
			buildSettings = {
				ALWAYS_SEARCH_USER_PATHS = NO;
				CLANG_ANALYZER_NONNULL = YES;
				CLANG_ANALYZER_NUMBER_OBJECT_CONVERSION = YES_AGGRESSIVE;
				CLANG_CXX_LANGUAGE_STANDARD = "gnu++17";
				CLANG_CXX_LIBRARY = "libc++";
				CLANG_ENABLE_MODULES = YES;
				CLANG_ENABLE_OBJC_ARC = YES;
				CLANG_ENABLE_OBJC_WEAK = YES;
				CLANG_WARN_BLOCK_CAPTURE_AUTORELEASING = YES;
				CLANG_WARN_BOOL_CONVERSION = YES;
				CLANG_WARN_COMMA = YES;
				CLANG_WARN_CONSTANT_CONVERSION = YES;
				CLANG_WARN_DEPRECATED_OBJC_IMPLEMENTATIONS = YES;
				CLANG_WARN_DIRECT_OBJC_ISA_USAGE = YES_ERROR;
				CLANG_WARN_DOCUMENTATION_COMMENTS = YES;
				CLANG_WARN_EMPTY_BODY = YES;
				CLANG_WARN_ENUM_CONVERSION = YES;
				CLANG_WARN_INFINITE_RECURSION = YES;
				CLANG_WARN_INT_CONVERSION = YES;
				CLANG_WARN_NON_LITERAL_NULL_CONVERSION = YES;
				CLANG_WARN_OBJC_IMPLICIT_RETAIN_SELF = YES;
				CLANG_WARN_OBJC_LITERAL_CONVERSION = YES;
				CLANG_WARN_OBJC_ROOT_CLASS = YES_ERROR;
				CLANG_WARN_QUOTED_INCLUDE_IN_FRAMEWORK_HEADER = YES;
				CLANG_WARN_RANGE_LOOP_ANALYSIS = YES;
				CLANG_WARN_STRICT_PROTOTYPES = YES;
				CLANG_WARN_SUSPICIOUS_MOVE = YES;
				CLANG_WARN_UNGUARDED_AVAILABILITY = YES_AGGRESSIVE;
				CLANG_WARN_UNREACHABLE_CODE = YES;
				CLANG_WARN__DUPLICATE_METHOD_MATCH = YES;
				COPY_PHASE_STRIP = NO;
				DEBUG_INFORMATION_FORMAT = dwarf;
				ENABLE_STRICT_OBJC_MSGSEND = YES;
				ENABLE_TESTABILITY = YES;
				GCC_C_LANGUAGE_STANDARD = gnu11;
				GCC_DYNAMIC_NO_PIC = NO;
				GCC_NO_COMMON_BLOCKS = YES;
				GCC_OPTIMIZATION_LEVEL = 0;
				GCC_PREPROCESSOR_DEFINITIONS = (
					"DEBUG=1",
					"$(inherited)",
				);
				GCC_WARN_64_TO_32_BIT_CONVERSION = YES;
				GCC_WARN_ABOUT_RETURN_TYPE = YES_ERROR;
				GCC_WARN_UNDECLARED_SELECTOR = YES;
				GCC_WARN_UNINITIALIZED_AUTOS = YES_AGGRESSIVE;
				GCC_WARN_UNUSED_FUNCTION = YES;
				GCC_WARN_UNUSED_VARIABLE = YES;
				IPHONEOS_DEPLOYMENT_TARGET = 15.2;
				MTL_ENABLE_DEBUG_INFO = INCLUDE_SOURCE;
				MTL_FAST_MATH = YES;
				ONLY_ACTIVE_ARCH = YES;
				SDKROOT = iphoneos;
				SWIFT_ACTIVE_COMPILATION_CONDITIONS = DEBUG;
				SWIFT_OPTIMIZATION_LEVEL = "-Onone";
			};
			name = Debug;
		};
		3A34C42427AF3071000DB6C2 /* Release */ = {
			isa = XCBuildConfiguration;
			buildSettings = {
				ALWAYS_SEARCH_USER_PATHS = NO;
				CLANG_ANALYZER_NONNULL = YES;
				CLANG_ANALYZER_NUMBER_OBJECT_CONVERSION = YES_AGGRESSIVE;
				CLANG_CXX_LANGUAGE_STANDARD = "gnu++17";
				CLANG_CXX_LIBRARY = "libc++";
				CLANG_ENABLE_MODULES = YES;
				CLANG_ENABLE_OBJC_ARC = YES;
				CLANG_ENABLE_OBJC_WEAK = YES;
				CLANG_WARN_BLOCK_CAPTURE_AUTORELEASING = YES;
				CLANG_WARN_BOOL_CONVERSION = YES;
				CLANG_WARN_COMMA = YES;
				CLANG_WARN_CONSTANT_CONVERSION = YES;
				CLANG_WARN_DEPRECATED_OBJC_IMPLEMENTATIONS = YES;
				CLANG_WARN_DIRECT_OBJC_ISA_USAGE = YES_ERROR;
				CLANG_WARN_DOCUMENTATION_COMMENTS = YES;
				CLANG_WARN_EMPTY_BODY = YES;
				CLANG_WARN_ENUM_CONVERSION = YES;
				CLANG_WARN_INFINITE_RECURSION = YES;
				CLANG_WARN_INT_CONVERSION = YES;
				CLANG_WARN_NON_LITERAL_NULL_CONVERSION = YES;
				CLANG_WARN_OBJC_IMPLICIT_RETAIN_SELF = YES;
				CLANG_WARN_OBJC_LITERAL_CONVERSION = YES;
				CLANG_WARN_OBJC_ROOT_CLASS = YES_ERROR;
				CLANG_WARN_QUOTED_INCLUDE_IN_FRAMEWORK_HEADER = YES;
				CLANG_WARN_RANGE_LOOP_ANALYSIS = YES;
				CLANG_WARN_STRICT_PROTOTYPES = YES;
				CLANG_WARN_SUSPICIOUS_MOVE = YES;
				CLANG_WARN_UNGUARDED_AVAILABILITY = YES_AGGRESSIVE;
				CLANG_WARN_UNREACHABLE_CODE = YES;
				CLANG_WARN__DUPLICATE_METHOD_MATCH = YES;
				COPY_PHASE_STRIP = NO;
				DEBUG_INFORMATION_FORMAT = "dwarf-with-dsym";
				ENABLE_NS_ASSERTIONS = NO;
				ENABLE_STRICT_OBJC_MSGSEND = YES;
				GCC_C_LANGUAGE_STANDARD = gnu11;
				GCC_NO_COMMON_BLOCKS = YES;
				GCC_WARN_64_TO_32_BIT_CONVERSION = YES;
				GCC_WARN_ABOUT_RETURN_TYPE = YES_ERROR;
				GCC_WARN_UNDECLARED_SELECTOR = YES;
				GCC_WARN_UNINITIALIZED_AUTOS = YES_AGGRESSIVE;
				GCC_WARN_UNUSED_FUNCTION = YES;
				GCC_WARN_UNUSED_VARIABLE = YES;
				IPHONEOS_DEPLOYMENT_TARGET = 15.2;
				MTL_ENABLE_DEBUG_INFO = NO;
				MTL_FAST_MATH = YES;
				SDKROOT = iphoneos;
				SWIFT_COMPILATION_MODE = wholemodule;
				SWIFT_OPTIMIZATION_LEVEL = "-O";
				VALIDATE_PRODUCT = YES;
			};
			name = Release;
		};
		3A34C42627AF3071000DB6C2 /* Debug */ = {
			isa = XCBuildConfiguration;
			buildSettings = {
				ASSETCATALOG_COMPILER_APPICON_NAME = AppIcon;
				ASSETCATALOG_COMPILER_GLOBAL_ACCENT_COLOR_NAME = AccentColor;
				CODE_SIGN_STYLE = Automatic;
				CURRENT_PROJECT_VERSION = 1;
				DEVELOPMENT_ASSET_PATHS = "\"Landmarks/Preview Content\"";
				DEVELOPMENT_TEAM = P862N2N6K5;
				ENABLE_PREVIEWS = YES;
				GENERATE_INFOPLIST_FILE = YES;
				INFOPLIST_KEY_UIApplicationSceneManifest_Generation = YES;
				INFOPLIST_KEY_UIApplicationSupportsIndirectInputEvents = YES;
				INFOPLIST_KEY_UILaunchScreen_Generation = YES;
				INFOPLIST_KEY_UISupportedInterfaceOrientations_iPad = "UIInterfaceOrientationPortrait UIInterfaceOrientationPortraitUpsideDown UIInterfaceOrientationLandscapeLeft UIInterfaceOrientationLandscapeRight";
				INFOPLIST_KEY_UISupportedInterfaceOrientations_iPhone = "UIInterfaceOrientationPortrait UIInterfaceOrientationLandscapeLeft UIInterfaceOrientationLandscapeRight";
				LD_RUNPATH_SEARCH_PATHS = (
					"$(inherited)",
					"@executable_path/Frameworks",
				);
				MARKETING_VERSION = 1.0;
				PRODUCT_BUNDLE_IDENTIFIER = com.jankott.Landmarks;
				PRODUCT_NAME = "$(TARGET_NAME)";
				SWIFT_EMIT_LOC_STRINGS = YES;
				SWIFT_VERSION = 5.0;
				TARGETED_DEVICE_FAMILY = "1,2";
			};
			name = Debug;
		};
		3A34C42727AF3071000DB6C2 /* Release */ = {
			isa = XCBuildConfiguration;
			buildSettings = {
				ASSETCATALOG_COMPILER_APPICON_NAME = AppIcon;
				ASSETCATALOG_COMPILER_GLOBAL_ACCENT_COLOR_NAME = AccentColor;
				CODE_SIGN_STYLE = Automatic;
				CURRENT_PROJECT_VERSION = 1;
				DEVELOPMENT_ASSET_PATHS = "\"Landmarks/Preview Content\"";
				DEVELOPMENT_TEAM = P862N2N6K5;
				ENABLE_PREVIEWS = YES;
				GENERATE_INFOPLIST_FILE = YES;
				INFOPLIST_KEY_UIApplicationSceneManifest_Generation = YES;
				INFOPLIST_KEY_UIApplicationSupportsIndirectInputEvents = YES;
				INFOPLIST_KEY_UILaunchScreen_Generation = YES;
				INFOPLIST_KEY_UISupportedInterfaceOrientations_iPad = "UIInterfaceOrientationPortrait UIInterfaceOrientationPortraitUpsideDown UIInterfaceOrientationLandscapeLeft UIInterfaceOrientationLandscapeRight";
				INFOPLIST_KEY_UISupportedInterfaceOrientations_iPhone = "UIInterfaceOrientationPortrait UIInterfaceOrientationLandscapeLeft UIInterfaceOrientationLandscapeRight";
				LD_RUNPATH_SEARCH_PATHS = (
					"$(inherited)",
					"@executable_path/Frameworks",
				);
				MARKETING_VERSION = 1.0;
				PRODUCT_BUNDLE_IDENTIFIER = com.jankott.Landmarks;
				PRODUCT_NAME = "$(TARGET_NAME)";
				SWIFT_EMIT_LOC_STRINGS = YES;
				SWIFT_VERSION = 5.0;
				TARGETED_DEVICE_FAMILY = "1,2";
			};
			name = Release;
		};
/* End XCBuildConfiguration section */

/* Begin XCConfigurationList section */
		3A34C41227AF306F000DB6C2 /* Build configuration list for PBXProject "Landmarks" */ = {
			isa = XCConfigurationList;
			buildConfigurations = (
				3A34C42327AF3071000DB6C2 /* Debug */,
				3A34C42427AF3071000DB6C2 /* Release */,
			);
			defaultConfigurationIsVisible = 0;
			defaultConfigurationName = Release;
		};
		3A34C42527AF3071000DB6C2 /* Build configuration list for PBXNativeTarget "Landmarks" */ = {
			isa = XCConfigurationList;
			buildConfigurations = (
				3A34C42627AF3071000DB6C2 /* Debug */,
				3A34C42727AF3071000DB6C2 /* Release */,
			);
			defaultConfigurationIsVisible = 0;
			defaultConfigurationName = Release;
		};
/* End XCConfigurationList section */
	};
	rootObject = 3A34C40F27AF306F000DB6C2 /* Project object */;
}
